
Microsoft Visual Studio Solution File, Format Version 12.00
# Blend for Visual Studio Version 17
VisualStudioVersion = 17.2.32616.157
MinimumVisualStudioVersion = 10.0.40219.1
Project("{FAE04EC0-301F-11D3-BF4B-00C04F79EFBC}") = "UT61E+", "UT61E+\UT61E+.csproj", "{B1B2437B-2F6B-40CF-8BC2-60758C49BAB4}"
EndProject
Global
	GlobalSection(SolutionConfigurationPlatforms) = preSolution
		Debug|Any CPU = Debug|Any CPU
		Release|Any CPU = Release|Any CPU
	EndGlobalSection
	GlobalSection(ProjectConfigurationPlatforms) = postSolution
		{B1B2437B-2F6B-40CF-8BC2-60758C49BAB4}.Debug|Any CPU.ActiveCfg = Debug|Any CPU
		{B1B2437B-2F6B-40CF-8BC2-60758C49BAB4}.Debug|Any CPU.Build.0 = Debug|Any CPU
		{B1B2437B-2F6B-40CF-8BC2-60758C49BAB4}.Release|Any CPU.ActiveCfg = Release|Any CPU
		{B1B2437B-2F6B-40CF-8BC2-60758C49BAB4}.Release|Any CPU.Build.0 = Release|Any CPU
	EndGlobalSection
	GlobalSection(SolutionProperties) = preSolution
		HideSolutionNode = FALSE
	EndGlobalSection
	GlobalSection(ExtensibilityGlobals) = postSolution
		SolutionGuid = {1B5D0131-B4E5-4521-9F19-66D0072931BF}
	EndGlobalSection
EndGlobal
